
Microsoft Visual Studio Solution File, Format Version 12.00
# Visual Studio Version 17
VisualStudioVersion = 17.0.31903.59
MinimumVisualStudioVersion = 10.0.40219.1
Project("{2150E333-8FDC-42A3-9474-1A3956D46DE8}") = "templates", "templates", "{32E78AEA-11D4-4224-A439-499A82F843EA}"
EndProject
Project("{2150E333-8FDC-42A3-9474-1A3956D46DE8}") = "OnionArchitectureDotNetMaui", "OnionArchitectureDotNetMaui", "{6AA95C44-9021-4A1E-8E2E-E5478DED0926}"
	ProjectSection(SolutionItems) = preProject
		templates\OnionArchitectureDotNetMaui\Directory.Build.props = templates\OnionArchitectureDotNetMaui\Directory.Build.props
	EndProjectSection
EndProject
Project("{2150E333-8FDC-42A3-9474-1A3956D46DE8}") = "tests", "tests", "{C721F4AB-EC17-4026-B3D6-7196C6B037B8}"
EndProject
Project("{2150E333-8FDC-42A3-9474-1A3956D46DE8}") = "Infrastructure", "Infrastructure", "{AA431607-5FF6-4554-8169-53E15CDF4BF1}"
EndProject
Project("{9A19103F-16F7-4668-BE54-9A1E7A4F7556}") = "App1.Infrastructure.Data.Tests", "templates\OnionArchitectureDotNetMaui\tests\Infrastructure\App1.Infrastructure.Data.Tests\App1.Infrastructure.Data.Tests.csproj", "{CFC9F781-E87F-4688-A641-9B6E8D6B5C39}"
EndProject
Project("{9A19103F-16F7-4668-BE54-9A1E7A4F7556}") = "App1.Infrastructure.Business.Tests", "templates\OnionArchitectureDotNetMaui\tests\Infrastructure\App1.Infrastructure.Business.Tests\App1.Infrastructure.Business.Tests.csproj", "{E3037C74-E181-4B59-B88C-F2E4FBECBBC6}"
EndProject
Project("{2150E333-8FDC-42A3-9474-1A3956D46DE8}") = "Application", "Application", "{9F425801-D739-45D8-AB0D-D3A181E4B6C0}"
EndProject
Project("{9A19103F-16F7-4668-BE54-9A1E7A4F7556}") = "App1.Application.Tests", "templates\OnionArchitectureDotNetMaui\tests\Application\App1.Application.Tests\App1.Application.Tests.csproj", "{FF30A7F1-64E6-4A84-B7C9-81E99E078C70}"
EndProject
Project("{2150E333-8FDC-42A3-9474-1A3956D46DE8}") = "src", "src", "{CCEDCF88-A746-425F-A12E-603AE6008B70}"
EndProject
Project("{2150E333-8FDC-42A3-9474-1A3956D46DE8}") = "UI", "UI", "{B5C35E2E-3657-4ED3-BE4E-6D0C5242588F}"
EndProject
Project("{9A19103F-16F7-4668-BE54-9A1E7A4F7556}") = "App1.Client", "templates\OnionArchitectureDotNetMaui\src\UI\App1.Client\App1.Client.csproj", "{1AEECEE0-9CA8-4538-9109-261BE69B3FC0}"
EndProject
Project("{2150E333-8FDC-42A3-9474-1A3956D46DE8}") = "Infrastructure", "Infrastructure", "{D4024C07-4E59-4047-8ADD-B3F5913CD4BA}"
EndProject
Project("{9A19103F-16F7-4668-BE54-9A1E7A4F7556}") = "App1.Infrastructure.Data", "templates\OnionArchitectureDotNetMaui\src\Infrastructure\App1.Infrustructure.Data\App1.Infrastructure.Data.csproj", "{DB5C6946-19EB-4043-8DDD-E685195BD585}"
EndProject
Project("{9A19103F-16F7-4668-BE54-9A1E7A4F7556}") = "App1.Infrastructure.Business", "templates\OnionArchitectureDotNetMaui\src\Infrastructure\App1.Infrastructure.Business\App1.Infrastructure.Business.csproj", "{2793FB1D-770F-45F8-95B7-A0C1A3974EBB}"
EndProject
Project("{2150E333-8FDC-42A3-9474-1A3956D46DE8}") = "Domain", "Domain", "{FA3ABDDF-BD97-4380-9E01-851308AAA106}"
EndProject
Project("{9A19103F-16F7-4668-BE54-9A1E7A4F7556}") = "App1.Domain", "templates\OnionArchitectureDotNetMaui\src\Domain\App1.Domain\App1.Domain.csproj", "{E8D4B5F9-EAAB-4E76-998E-44A78327C381}"
EndProject
Project("{2150E333-8FDC-42A3-9474-1A3956D46DE8}") = "Application", "Application", "{30B77275-D2D1-4031-A3ED-62F5A755ECB2}"
EndProject
Project("{9A19103F-16F7-4668-BE54-9A1E7A4F7556}") = "App1.Application", "templates\OnionArchitectureDotNetMaui\src\Application\App1.Application\App1.Application.csproj", "{3D42ADFA-0BC1-45DA-B2D3-58D942B0950C}"
EndProject
Project("{2150E333-8FDC-42A3-9474-1A3956D46DE8}") = "OnionArchitectureCrossPlatformApplication", "OnionArchitectureCrossPlatformApplication", "{60939910-2521-4137-91DD-16663F475CDD}"
	ProjectSection(SolutionItems) = preProject
		templates\OnionArchitectureCrossPlatformApplication\Directory.Build.props = templates\OnionArchitectureCrossPlatformApplication\Directory.Build.props
	EndProjectSection
EndProject
Project("{2150E333-8FDC-42A3-9474-1A3956D46DE8}") = "tests", "tests", "{FA5D7204-BE0B-4B35-B25A-EBE9D21981B5}"
EndProject
Project("{2150E333-8FDC-42A3-9474-1A3956D46DE8}") = "Infrastructure", "Infrastructure", "{3F11B630-89B9-41BC-A384-878D76ECF7F4}"
EndProject
Project("{2150E333-8FDC-42A3-9474-1A3956D46DE8}") = "WebApp", "WebApp", "{FBDAF38E-C1BD-4A41-A632-2878EC029111}"
EndProject
Project("{9A19103F-16F7-4668-BE54-9A1E7A4F7556}") = "App1.Infrastructure.WebApp.Data.Tests", "templates\OnionArchitectureCrossPlatformApplication\tests\Infrastructure\WebApp\App1.Infrastructure.WebApp.Data.Tests\App1.Infrastructure.WebApp.Data.Tests.csproj", "{434C98C7-4185-4AD0-9E37-AA8F96358AAD}"
EndProject
Project("{9A19103F-16F7-4668-BE54-9A1E7A4F7556}") = "App1.Infrastructure.WebApp.Business.Tests", "templates\OnionArchitectureCrossPlatformApplication\tests\Infrastructure\WebApp\App1.Infrastructure.WebApp.Business.Tests\App1.Infrastructure.WebApp.Business.Tests.csproj", "{86F2EAED-A2C2-433E-8B0D-B5CA43A3D219}"
EndProject
Project("{2150E333-8FDC-42A3-9474-1A3956D46DE8}") = "Client", "Client", "{E7C244B4-B489-4E26-B107-6E23E83F5CC6}"
EndProject
Project("{9A19103F-16F7-4668-BE54-9A1E7A4F7556}") = "App1.Infrastructure.Client.Data.Tests", "templates\OnionArchitectureCrossPlatformApplication\tests\Infrastructure\Client\App1.Infrastructure.Client.Data.Tests\App1.Infrastructure.Client.Data.Tests.csproj", "{7733EC52-95F9-4477-9AF6-218EBEF6F0B6}"
EndProject
Project("{9A19103F-16F7-4668-BE54-9A1E7A4F7556}") = "App1.Infrastructure.Client.Business.Tests", "templates\OnionArchitectureCrossPlatformApplication\tests\Infrastructure\Client\App1.Infrastructure.Client.Business.Tests\App1.Infrastructure.Client.Business.Tests.csproj", "{B25DF46E-2FDC-4963-AB0C-169A11746036}"
EndProject
Project("{2150E333-8FDC-42A3-9474-1A3956D46DE8}") = "Application", "Application", "{4AEE137F-F8D8-4C3E-AFA1-B5BD9492223F}"
EndProject
Project("{9A19103F-16F7-4668-BE54-9A1E7A4F7556}") = "App1.Application.Tests", "templates\OnionArchitectureCrossPlatformApplication\tests\Application\App1.Application.Tests\App1.Application.Tests.csproj", "{E956D64A-642B-4503-8EFA-E48D56F6E1C7}"
EndProject
Project("{2150E333-8FDC-42A3-9474-1A3956D46DE8}") = "src", "src", "{C01EAD0D-A499-49EE-8008-874C980C3DD0}"
EndProject
Project("{2150E333-8FDC-42A3-9474-1A3956D46DE8}") = "UI", "UI", "{FA87C8B9-8B0F-4013-97FE-66D6308E67E5}"
EndProject
Project("{2150E333-8FDC-42A3-9474-1A3956D46DE8}") = "WebApp", "WebApp", "{83EFFFFF-F000-4C4E-A060-240446FE773C}"
EndProject
Project("{9A19103F-16F7-4668-BE54-9A1E7A4F7556}") = "App1.WebApp", "templates\OnionArchitectureCrossPlatformApplication\src\UI\WebApp\App1.WebApp\App1.WebApp.csproj", "{3A6C2BEB-42CB-4C58-BC91-FC3DA2998B06}"
EndProject
Project("{2150E333-8FDC-42A3-9474-1A3956D46DE8}") = "Client", "Client", "{87D1995E-43D9-4275-81AC-302C8713DAFC}"
EndProject
Project("{9A19103F-16F7-4668-BE54-9A1E7A4F7556}") = "App1.Client", "templates\OnionArchitectureCrossPlatformApplication\src\UI\Client\App1.Client\App1.Client.csproj", "{BE47F9DC-FE96-4F2F-B3A6-6F6100CA54F9}"
EndProject
Project("{2150E333-8FDC-42A3-9474-1A3956D46DE8}") = "Infrastructure", "Infrastructure", "{9CF98030-5F1D-407D-9A15-E668998531D7}"
EndProject
Project("{2150E333-8FDC-42A3-9474-1A3956D46DE8}") = "WebApp", "WebApp", "{4BBEB662-E5DD-49A8-BB2B-06540AC0A66D}"
EndProject
Project("{9A19103F-16F7-4668-BE54-9A1E7A4F7556}") = "App1.Infrastructure.WebApp.Data", "templates\OnionArchitectureCrossPlatformApplication\src\Infrastructure\WebApp\App1.Infrastructure.WebApp.Data\App1.Infrastructure.WebApp.Data.csproj", "{9F6077A4-E251-4A37-935C-DCCE577CD1C1}"
EndProject
Project("{9A19103F-16F7-4668-BE54-9A1E7A4F7556}") = "App1.Infrastructure.WebApp.Business", "templates\OnionArchitectureCrossPlatformApplication\src\Infrastructure\WebApp\App1.Infrastructure.WebApp.Business\App1.Infrastructure.WebApp.Business.csproj", "{6D7D68CC-9772-4B5C-8C11-7D3810DDD725}"
EndProject
Project("{2150E333-8FDC-42A3-9474-1A3956D46DE8}") = "Client", "Client", "{33AA1698-6309-4DF5-B4F7-BE7E0FE3812D}"
EndProject
Project("{9A19103F-16F7-4668-BE54-9A1E7A4F7556}") = "App1.Infrastructure.Client.Data", "templates\OnionArchitectureCrossPlatformApplication\src\Infrastructure\Client\App1.Infrastructure.Client.Data\App1.Infrastructure.Client.Data.csproj", "{F40284D4-5D6E-4E30-911C-8047CD405F0D}"
EndProject
Project("{9A19103F-16F7-4668-BE54-9A1E7A4F7556}") = "App1.Infrastructure.Client.Business", "templates\OnionArchitectureCrossPlatformApplication\src\Infrastructure\Client\App1.Infrastructure.Client.Business\App1.Infrastructure.Client.Business.csproj", "{0D22A377-9074-4106-B612-AA2F3ECC9940}"
EndProject
Project("{9A19103F-16F7-4668-BE54-9A1E7A4F7556}") = "App1.Infrastructure.Data", "templates\OnionArchitectureCrossPlatformApplication\src\Infrastructure\App1.Infrustructure.Data\App1.Infrastructure.Data.csproj", "{1B279F9D-7407-4124-A900-F9AD859420F0}"
EndProject
Project("{2150E333-8FDC-42A3-9474-1A3956D46DE8}") = "Domain", "Domain", "{B9E61B20-88C9-4A2E-B07A-07FB40CD3A2C}"
EndProject
Project("{9A19103F-16F7-4668-BE54-9A1E7A4F7556}") = "App1.Domain", "templates\OnionArchitectureCrossPlatformApplication\src\Domain\App1.Domain\App1.Domain.csproj", "{D037C799-B9B9-4A30-B8BB-653677A21F52}"
EndProject
Project("{2150E333-8FDC-42A3-9474-1A3956D46DE8}") = "Application", "Application", "{230B97FA-575A-4B1C-AC42-A08710A1E823}"
EndProject
Project("{9A19103F-16F7-4668-BE54-9A1E7A4F7556}") = "App1.WebApp.Application", "templates\OnionArchitectureCrossPlatformApplication\src\Application\App1.WebApp.Application\App1.WebApp.Application.csproj", "{EADAE241-58AD-49C3-9B72-82345BF057CA}"
EndProject
Project("{9A19103F-16F7-4668-BE54-9A1E7A4F7556}") = "App1.Application", "templates\OnionArchitectureCrossPlatformApplication\src\Application\App1.Application\App1.Application.csproj", "{9F41296F-54B7-4564-82AC-4E0E0237235A}"
EndProject
Project("{2150E333-8FDC-42A3-9474-1A3956D46DE8}") = "OnionArchitectureBlazorWebAssembly", "OnionArchitectureBlazorWebAssembly", "{45851C65-D717-4ED9-80A4-523D182095D6}"
	ProjectSection(SolutionItems) = preProject
		templates\OnionArchitectureBlazorWebAssembly\Directory.Build.props = templates\OnionArchitectureBlazorWebAssembly\Directory.Build.props
	EndProjectSection
EndProject
Project("{2150E333-8FDC-42A3-9474-1A3956D46DE8}") = "tests", "tests", "{12D1ADC0-E571-4ED7-B4DD-8760B2EF28F8}"
EndProject
Project("{2150E333-8FDC-42A3-9474-1A3956D46DE8}") = "Infrastructure", "Infrastructure", "{E272D3A3-D1C7-4771-833D-D5841A39ADE3}"
EndProject
Project("{9A19103F-16F7-4668-BE54-9A1E7A4F7556}") = "App1.Infrastructure.Data.Tests", "templates\OnionArchitectureBlazorWebAssembly\tests\Infrastructure\App1.Infrastructure.Data.Tests\App1.Infrastructure.Data.Tests.csproj", "{C0CA0779-159A-40A7-A9BD-F63608553CFA}"
EndProject
Project("{9A19103F-16F7-4668-BE54-9A1E7A4F7556}") = "App1.Infrastructure.Business.Tests", "templates\OnionArchitectureBlazorWebAssembly\tests\Infrastructure\App1.Infrastructure.Business.Tests\App1.Infrastructure.Business.Tests.csproj", "{262835C4-643A-4201-839C-0A5D6A7826BB}"
EndProject
Project("{2150E333-8FDC-42A3-9474-1A3956D46DE8}") = "Application", "Application", "{F8A29C39-AC11-44DA-8AC8-26A07A98B681}"
EndProject
Project("{9A19103F-16F7-4668-BE54-9A1E7A4F7556}") = "App1.Application.Tests", "templates\OnionArchitectureBlazorWebAssembly\tests\Application\App1.Application.Tests\App1.Application.Tests.csproj", "{0E378DB0-ECF0-4990-9613-DC89862BA9A7}"
EndProject
Project("{2150E333-8FDC-42A3-9474-1A3956D46DE8}") = "src", "src", "{18F34221-74BF-4CB3-841B-9540F983DFC7}"
EndProject
Project("{2150E333-8FDC-42A3-9474-1A3956D46DE8}") = "UI", "UI", "{FD3DF465-56A1-4F1B-939B-BD8F0C2AFF33}"
EndProject
Project("{9A19103F-16F7-4668-BE54-9A1E7A4F7556}") = "App1.WebApp", "templates\OnionArchitectureBlazorWebAssembly\src\UI\App1.WebApp\App1.WebApp.csproj", "{8FCCCAFA-FA74-404A-A112-B416CB10C13D}"
EndProject
Project("{2150E333-8FDC-42A3-9474-1A3956D46DE8}") = "Infrastructure", "Infrastructure", "{BFDA2B6D-DB27-4BD7-B3DA-7CC747E08FCD}"
EndProject
Project("{9A19103F-16F7-4668-BE54-9A1E7A4F7556}") = "App1.Infrastructure.Data", "templates\OnionArchitectureBlazorWebAssembly\src\Infrastructure\App1.Infrustructure.Data\App1.Infrastructure.Data.csproj", "{BD45A492-BBEB-4F19-834A-AB17ECCEEC47}"
EndProject
Project("{9A19103F-16F7-4668-BE54-9A1E7A4F7556}") = "App1.Infrastructure.Business", "templates\OnionArchitectureBlazorWebAssembly\src\Infrastructure\App1.Infrastructure.Business\App1.Infrastructure.Business.csproj", "{94453E92-E225-4651-A0AD-4EADFDD6BDA2}"
EndProject
Project("{2150E333-8FDC-42A3-9474-1A3956D46DE8}") = "Domain", "Domain", "{A41E1C1F-80A1-4C63-9E86-1554318449F2}"
EndProject
Project("{9A19103F-16F7-4668-BE54-9A1E7A4F7556}") = "App1.Domain", "templates\OnionArchitectureBlazorWebAssembly\src\Domain\App1.Domain\App1.Domain.csproj", "{9EA6C5A0-D27F-43E7-89EE-B354935C8DAD}"
EndProject
Project("{2150E333-8FDC-42A3-9474-1A3956D46DE8}") = "Application", "Application", "{3B8B4D5D-675D-4BFB-B352-5E68C315419E}"
EndProject
Project("{9A19103F-16F7-4668-BE54-9A1E7A4F7556}") = "App1.Application", "templates\OnionArchitectureBlazorWebAssembly\src\Application\App1.Application\App1.Application.csproj", "{B3D77311-3DDD-42E6-A7E7-147D248BBD3A}"
EndProject
Project("{2150E333-8FDC-42A3-9474-1A3956D46DE8}") = "OnionArchitectureBlazorServer", "OnionArchitectureBlazorServer", "{682DDBD3-5BB7-406E-AD4C-FF1066A93B0C}"
	ProjectSection(SolutionItems) = preProject
		templates\OnionArchitectureBlazorServer\Directory.Build.props = templates\OnionArchitectureBlazorServer\Directory.Build.props
	EndProjectSection
EndProject
Project("{2150E333-8FDC-42A3-9474-1A3956D46DE8}") = "tests", "tests", "{546E19EA-215E-49CF-A651-32AFE6ACC325}"
EndProject
Project("{2150E333-8FDC-42A3-9474-1A3956D46DE8}") = "Infrastructure", "Infrastructure", "{C055063D-80A5-4E22-9EE2-9EAED54FD242}"
EndProject
Project("{9A19103F-16F7-4668-BE54-9A1E7A4F7556}") = "App1.Infrastructure.Data.Tests", "templates\OnionArchitectureBlazorServer\tests\Infrastructure\App1.Infrastructure.Data.Tests\App1.Infrastructure.Data.Tests.csproj", "{B1C1DE19-50EC-4742-BF50-6DE4E88213D9}"
EndProject
Project("{9A19103F-16F7-4668-BE54-9A1E7A4F7556}") = "App1.Infrastructure.Business.Tests", "templates\OnionArchitectureBlazorServer\tests\Infrastructure\App1.Infrastructure.Business.Tests\App1.Infrastructure.Business.Tests.csproj", "{F4EAC4F3-7A5D-40D9-A612-7FB213ADDEFC}"
EndProject
Project("{2150E333-8FDC-42A3-9474-1A3956D46DE8}") = "Application", "Application", "{79F3FC66-2A59-4DF9-B59F-888D933BF441}"
EndProject
Project("{9A19103F-16F7-4668-BE54-9A1E7A4F7556}") = "App1.Application.Tests", "templates\OnionArchitectureBlazorServer\tests\Application\App1.Application.Tests\App1.Application.Tests.csproj", "{2AF01195-6BFF-49EC-B80B-1C74B97F065C}"
EndProject
Project("{2150E333-8FDC-42A3-9474-1A3956D46DE8}") = "src", "src", "{0928D69A-7F66-4FFB-84D4-EE22A1CC0129}"
EndProject
Project("{2150E333-8FDC-42A3-9474-1A3956D46DE8}") = "UI", "UI", "{128BEF1D-60FE-4609-99F3-FC65E2EAC5F5}"
EndProject
Project("{9A19103F-16F7-4668-BE54-9A1E7A4F7556}") = "App1.WebApp", "templates\OnionArchitectureBlazorServer\src\UI\App1.WebApp\App1.WebApp.csproj", "{6F7A820D-6D05-4AE7-9A2B-90C4FB4E8C59}"
EndProject
Project("{2150E333-8FDC-42A3-9474-1A3956D46DE8}") = "Infrastructure", "Infrastructure", "{969C60E9-68F8-4D9D-AF60-C0F9E1DA5335}"
EndProject
Project("{9A19103F-16F7-4668-BE54-9A1E7A4F7556}") = "App1.Infrastructure.Data", "templates\OnionArchitectureBlazorServer\src\Infrastructure\App1.Infrustructure.Data\App1.Infrastructure.Data.csproj", "{92D7B29A-15DD-4393-A9C5-AB188DF35970}"
EndProject
Project("{9A19103F-16F7-4668-BE54-9A1E7A4F7556}") = "App1.Infrastructure.Business", "templates\OnionArchitectureBlazorServer\src\Infrastructure\App1.Infrastructure.Business\App1.Infrastructure.Business.csproj", "{E703F738-9377-44DC-9CAE-D2B9B4499E9C}"
EndProject
Project("{2150E333-8FDC-42A3-9474-1A3956D46DE8}") = "Domain", "Domain", "{57DFA1FF-D8CC-405F-BFF6-40B8EC230B32}"
EndProject
Project("{9A19103F-16F7-4668-BE54-9A1E7A4F7556}") = "App1.Domain", "templates\OnionArchitectureBlazorServer\src\Domain\App1.Domain\App1.Domain.csproj", "{DF3AA82C-ED24-4681-B862-295B5A4BCB47}"
EndProject
Project("{2150E333-8FDC-42A3-9474-1A3956D46DE8}") = "Application", "Application", "{4CDD88E9-E78F-4A84-8913-959904121228}"
EndProject
Project("{9A19103F-16F7-4668-BE54-9A1E7A4F7556}") = "App1.Application", "templates\OnionArchitectureBlazorServer\src\Application\App1.Application\App1.Application.csproj", "{5573306B-AD67-41E3-9543-D296367307ED}"
EndProject
Project("{2150E333-8FDC-42A3-9474-1A3956D46DE8}") = "BlazorMauiShared", "BlazorMauiShared", "{30BF1453-3D5B-4348-BDC1-4FBCCD5CB7A6}"
	ProjectSection(SolutionItems) = preProject
		templates\BlazorMauiShared\Directory.Build.props = templates\BlazorMauiShared\Directory.Build.props
	EndProjectSection
EndProject
Project("{9A19103F-16F7-4668-BE54-9A1E7A4F7556}") = "App1WebAssembly", "templates\BlazorMauiShared\App1WebAssembly\App1WebAssembly.csproj", "{866D0BC9-22B3-4CE6-B111-09EB6BA8D2CC}"
EndProject
Project("{9A19103F-16F7-4668-BE54-9A1E7A4F7556}") = "App1Web", "templates\BlazorMauiShared\App1Web\App1Web.csproj", "{43DEC564-D532-4514-8215-13A5BBFFC0C9}"
EndProject
Project("{9A19103F-16F7-4668-BE54-9A1E7A4F7556}") = "App1Shared", "templates\BlazorMauiShared\App1Shared\App1Shared.csproj", "{472FE885-C2C7-467D-8FE8-73FB78B624A9}"
EndProject
Project("{9A19103F-16F7-4668-BE54-9A1E7A4F7556}") = "App1Client", "templates\BlazorMauiShared\App1Client\App1Client.csproj", "{F19C5BFD-1AAC-48F7-BFD1-B09517003912}"
EndProject
Global
	GlobalSection(SolutionConfigurationPlatforms) = preSolution
		Debug|Any CPU = Debug|Any CPU
		Release|Any CPU = Release|Any CPU
	EndGlobalSection
	GlobalSection(ProjectConfigurationPlatforms) = postSolution
		{CFC9F781-E87F-4688-A641-9B6E8D6B5C39}.Debug|Any CPU.ActiveCfg = Debug|Any CPU
		{CFC9F781-E87F-4688-A641-9B6E8D6B5C39}.Debug|Any CPU.Build.0 = Debug|Any CPU
		{CFC9F781-E87F-4688-A641-9B6E8D6B5C39}.Release|Any CPU.ActiveCfg = Release|Any CPU
		{CFC9F781-E87F-4688-A641-9B6E8D6B5C39}.Release|Any CPU.Build.0 = Release|Any CPU
		{E3037C74-E181-4B59-B88C-F2E4FBECBBC6}.Debug|Any CPU.ActiveCfg = Debug|Any CPU
		{E3037C74-E181-4B59-B88C-F2E4FBECBBC6}.Debug|Any CPU.Build.0 = Debug|Any CPU
		{E3037C74-E181-4B59-B88C-F2E4FBECBBC6}.Release|Any CPU.ActiveCfg = Release|Any CPU
		{E3037C74-E181-4B59-B88C-F2E4FBECBBC6}.Release|Any CPU.Build.0 = Release|Any CPU
		{FF30A7F1-64E6-4A84-B7C9-81E99E078C70}.Debug|Any CPU.ActiveCfg = Debug|Any CPU
		{FF30A7F1-64E6-4A84-B7C9-81E99E078C70}.Debug|Any CPU.Build.0 = Debug|Any CPU
		{FF30A7F1-64E6-4A84-B7C9-81E99E078C70}.Release|Any CPU.ActiveCfg = Release|Any CPU
		{FF30A7F1-64E6-4A84-B7C9-81E99E078C70}.Release|Any CPU.Build.0 = Release|Any CPU
		{1AEECEE0-9CA8-4538-9109-261BE69B3FC0}.Debug|Any CPU.ActiveCfg = Debug|Any CPU
		{1AEECEE0-9CA8-4538-9109-261BE69B3FC0}.Debug|Any CPU.Build.0 = Debug|Any CPU
		{1AEECEE0-9CA8-4538-9109-261BE69B3FC0}.Debug|Any CPU.Deploy.0 = Debug|Any CPU
		{1AEECEE0-9CA8-4538-9109-261BE69B3FC0}.Release|Any CPU.ActiveCfg = Release|Any CPU
		{1AEECEE0-9CA8-4538-9109-261BE69B3FC0}.Release|Any CPU.Build.0 = Release|Any CPU
		{1AEECEE0-9CA8-4538-9109-261BE69B3FC0}.Release|Any CPU.Deploy.0 = Release|Any CPU
		{DB5C6946-19EB-4043-8DDD-E685195BD585}.Debug|Any CPU.ActiveCfg = Debug|Any CPU
		{DB5C6946-19EB-4043-8DDD-E685195BD585}.Debug|Any CPU.Build.0 = Debug|Any CPU
		{DB5C6946-19EB-4043-8DDD-E685195BD585}.Release|Any CPU.ActiveCfg = Release|Any CPU
		{DB5C6946-19EB-4043-8DDD-E685195BD585}.Release|Any CPU.Build.0 = Release|Any CPU
		{2793FB1D-770F-45F8-95B7-A0C1A3974EBB}.Debug|Any CPU.ActiveCfg = Debug|Any CPU
		{2793FB1D-770F-45F8-95B7-A0C1A3974EBB}.Debug|Any CPU.Build.0 = Debug|Any CPU
		{2793FB1D-770F-45F8-95B7-A0C1A3974EBB}.Release|Any CPU.ActiveCfg = Release|Any CPU
		{2793FB1D-770F-45F8-95B7-A0C1A3974EBB}.Release|Any CPU.Build.0 = Release|Any CPU
		{E8D4B5F9-EAAB-4E76-998E-44A78327C381}.Debug|Any CPU.ActiveCfg = Debug|Any CPU
		{E8D4B5F9-EAAB-4E76-998E-44A78327C381}.Debug|Any CPU.Build.0 = Debug|Any CPU
		{E8D4B5F9-EAAB-4E76-998E-44A78327C381}.Release|Any CPU.ActiveCfg = Release|Any CPU
		{E8D4B5F9-EAAB-4E76-998E-44A78327C381}.Release|Any CPU.Build.0 = Release|Any CPU
		{3D42ADFA-0BC1-45DA-B2D3-58D942B0950C}.Debug|Any CPU.ActiveCfg = Debug|Any CPU
		{3D42ADFA-0BC1-45DA-B2D3-58D942B0950C}.Debug|Any CPU.Build.0 = Debug|Any CPU
		{3D42ADFA-0BC1-45DA-B2D3-58D942B0950C}.Release|Any CPU.ActiveCfg = Release|Any CPU
		{3D42ADFA-0BC1-45DA-B2D3-58D942B0950C}.Release|Any CPU.Build.0 = Release|Any CPU
		{434C98C7-4185-4AD0-9E37-AA8F96358AAD}.Debug|Any CPU.ActiveCfg = Debug|Any CPU
		{434C98C7-4185-4AD0-9E37-AA8F96358AAD}.Debug|Any CPU.Build.0 = Debug|Any CPU
		{434C98C7-4185-4AD0-9E37-AA8F96358AAD}.Release|Any CPU.ActiveCfg = Release|Any CPU
		{434C98C7-4185-4AD0-9E37-AA8F96358AAD}.Release|Any CPU.Build.0 = Release|Any CPU
		{86F2EAED-A2C2-433E-8B0D-B5CA43A3D219}.Debug|Any CPU.ActiveCfg = Debug|Any CPU
		{86F2EAED-A2C2-433E-8B0D-B5CA43A3D219}.Debug|Any CPU.Build.0 = Debug|Any CPU
		{86F2EAED-A2C2-433E-8B0D-B5CA43A3D219}.Release|Any CPU.ActiveCfg = Release|Any CPU
		{86F2EAED-A2C2-433E-8B0D-B5CA43A3D219}.Release|Any CPU.Build.0 = Release|Any CPU
		{7733EC52-95F9-4477-9AF6-218EBEF6F0B6}.Debug|Any CPU.ActiveCfg = Debug|Any CPU
		{7733EC52-95F9-4477-9AF6-218EBEF6F0B6}.Debug|Any CPU.Build.0 = Debug|Any CPU
		{7733EC52-95F9-4477-9AF6-218EBEF6F0B6}.Release|Any CPU.ActiveCfg = Release|Any CPU
		{7733EC52-95F9-4477-9AF6-218EBEF6F0B6}.Release|Any CPU.Build.0 = Release|Any CPU
		{B25DF46E-2FDC-4963-AB0C-169A11746036}.Debug|Any CPU.ActiveCfg = Debug|Any CPU
		{B25DF46E-2FDC-4963-AB0C-169A11746036}.Debug|Any CPU.Build.0 = Debug|Any CPU
		{B25DF46E-2FDC-4963-AB0C-169A11746036}.Release|Any CPU.ActiveCfg = Release|Any CPU
		{B25DF46E-2FDC-4963-AB0C-169A11746036}.Release|Any CPU.Build.0 = Release|Any CPU
		{E956D64A-642B-4503-8EFA-E48D56F6E1C7}.Debug|Any CPU.ActiveCfg = Debug|Any CPU
		{E956D64A-642B-4503-8EFA-E48D56F6E1C7}.Debug|Any CPU.Build.0 = Debug|Any CPU
		{E956D64A-642B-4503-8EFA-E48D56F6E1C7}.Release|Any CPU.ActiveCfg = Release|Any CPU
		{E956D64A-642B-4503-8EFA-E48D56F6E1C7}.Release|Any CPU.Build.0 = Release|Any CPU
		{3A6C2BEB-42CB-4C58-BC91-FC3DA2998B06}.Debug|Any CPU.ActiveCfg = Debug|Any CPU
		{3A6C2BEB-42CB-4C58-BC91-FC3DA2998B06}.Debug|Any CPU.Build.0 = Debug|Any CPU
		{3A6C2BEB-42CB-4C58-BC91-FC3DA2998B06}.Release|Any CPU.ActiveCfg = Release|Any CPU
		{3A6C2BEB-42CB-4C58-BC91-FC3DA2998B06}.Release|Any CPU.Build.0 = Release|Any CPU
		{BE47F9DC-FE96-4F2F-B3A6-6F6100CA54F9}.Debug|Any CPU.ActiveCfg = Debug|Any CPU
		{BE47F9DC-FE96-4F2F-B3A6-6F6100CA54F9}.Debug|Any CPU.Build.0 = Debug|Any CPU
		{BE47F9DC-FE96-4F2F-B3A6-6F6100CA54F9}.Debug|Any CPU.Deploy.0 = Debug|Any CPU
		{BE47F9DC-FE96-4F2F-B3A6-6F6100CA54F9}.Release|Any CPU.ActiveCfg = Release|Any CPU
		{BE47F9DC-FE96-4F2F-B3A6-6F6100CA54F9}.Release|Any CPU.Build.0 = Release|Any CPU
		{BE47F9DC-FE96-4F2F-B3A6-6F6100CA54F9}.Release|Any CPU.Deploy.0 = Release|Any CPU
		{9F6077A4-E251-4A37-935C-DCCE577CD1C1}.Debug|Any CPU.ActiveCfg = Debug|Any CPU
		{9F6077A4-E251-4A37-935C-DCCE577CD1C1}.Debug|Any CPU.Build.0 = Debug|Any CPU
		{9F6077A4-E251-4A37-935C-DCCE577CD1C1}.Release|Any CPU.ActiveCfg = Release|Any CPU
		{9F6077A4-E251-4A37-935C-DCCE577CD1C1}.Release|Any CPU.Build.0 = Release|Any CPU
		{6D7D68CC-9772-4B5C-8C11-7D3810DDD725}.Debug|Any CPU.ActiveCfg = Debug|Any CPU
		{6D7D68CC-9772-4B5C-8C11-7D3810DDD725}.Debug|Any CPU.Build.0 = Debug|Any CPU
		{6D7D68CC-9772-4B5C-8C11-7D3810DDD725}.Release|Any CPU.ActiveCfg = Release|Any CPU
		{6D7D68CC-9772-4B5C-8C11-7D3810DDD725}.Release|Any CPU.Build.0 = Release|Any CPU
		{F40284D4-5D6E-4E30-911C-8047CD405F0D}.Debug|Any CPU.ActiveCfg = Debug|Any CPU
		{F40284D4-5D6E-4E30-911C-8047CD405F0D}.Debug|Any CPU.Build.0 = Debug|Any CPU
		{F40284D4-5D6E-4E30-911C-8047CD405F0D}.Release|Any CPU.ActiveCfg = Release|Any CPU
		{F40284D4-5D6E-4E30-911C-8047CD405F0D}.Release|Any CPU.Build.0 = Release|Any CPU
		{0D22A377-9074-4106-B612-AA2F3ECC9940}.Debug|Any CPU.ActiveCfg = Debug|Any CPU
		{0D22A377-9074-4106-B612-AA2F3ECC9940}.Debug|Any CPU.Build.0 = Debug|Any CPU
		{0D22A377-9074-4106-B612-AA2F3ECC9940}.Release|Any CPU.ActiveCfg = Release|Any CPU
		{0D22A377-9074-4106-B612-AA2F3ECC9940}.Release|Any CPU.Build.0 = Release|Any CPU
		{1B279F9D-7407-4124-A900-F9AD859420F0}.Debug|Any CPU.ActiveCfg = Debug|Any CPU
		{1B279F9D-7407-4124-A900-F9AD859420F0}.Debug|Any CPU.Build.0 = Debug|Any CPU
		{1B279F9D-7407-4124-A900-F9AD859420F0}.Release|Any CPU.ActiveCfg = Release|Any CPU
		{1B279F9D-7407-4124-A900-F9AD859420F0}.Release|Any CPU.Build.0 = Release|Any CPU
		{D037C799-B9B9-4A30-B8BB-653677A21F52}.Debug|Any CPU.ActiveCfg = Debug|Any CPU
		{D037C799-B9B9-4A30-B8BB-653677A21F52}.Debug|Any CPU.Build.0 = Debug|Any CPU
		{D037C799-B9B9-4A30-B8BB-653677A21F52}.Release|Any CPU.ActiveCfg = Release|Any CPU
		{D037C799-B9B9-4A30-B8BB-653677A21F52}.Release|Any CPU.Build.0 = Release|Any CPU
		{EADAE241-58AD-49C3-9B72-82345BF057CA}.Debug|Any CPU.ActiveCfg = Debug|Any CPU
		{EADAE241-58AD-49C3-9B72-82345BF057CA}.Debug|Any CPU.Build.0 = Debug|Any CPU
		{EADAE241-58AD-49C3-9B72-82345BF057CA}.Release|Any CPU.ActiveCfg = Release|Any CPU
		{EADAE241-58AD-49C3-9B72-82345BF057CA}.Release|Any CPU.Build.0 = Release|Any CPU
		{9F41296F-54B7-4564-82AC-4E0E0237235A}.Debug|Any CPU.ActiveCfg = Debug|Any CPU
		{9F41296F-54B7-4564-82AC-4E0E0237235A}.Debug|Any CPU.Build.0 = Debug|Any CPU
		{9F41296F-54B7-4564-82AC-4E0E0237235A}.Release|Any CPU.ActiveCfg = Release|Any CPU
		{9F41296F-54B7-4564-82AC-4E0E0237235A}.Release|Any CPU.Build.0 = Release|Any CPU
		{C0CA0779-159A-40A7-A9BD-F63608553CFA}.Debug|Any CPU.ActiveCfg = Debug|Any CPU
		{C0CA0779-159A-40A7-A9BD-F63608553CFA}.Debug|Any CPU.Build.0 = Debug|Any CPU
		{C0CA0779-159A-40A7-A9BD-F63608553CFA}.Release|Any CPU.ActiveCfg = Release|Any CPU
		{C0CA0779-159A-40A7-A9BD-F63608553CFA}.Release|Any CPU.Build.0 = Release|Any CPU
		{262835C4-643A-4201-839C-0A5D6A7826BB}.Debug|Any CPU.ActiveCfg = Debug|Any CPU
		{262835C4-643A-4201-839C-0A5D6A7826BB}.Debug|Any CPU.Build.0 = Debug|Any CPU
		{262835C4-643A-4201-839C-0A5D6A7826BB}.Release|Any CPU.ActiveCfg = Release|Any CPU
		{262835C4-643A-4201-839C-0A5D6A7826BB}.Release|Any CPU.Build.0 = Release|Any CPU
		{0E378DB0-ECF0-4990-9613-DC89862BA9A7}.Debug|Any CPU.ActiveCfg = Debug|Any CPU
		{0E378DB0-ECF0-4990-9613-DC89862BA9A7}.Debug|Any CPU.Build.0 = Debug|Any CPU
		{0E378DB0-ECF0-4990-9613-DC89862BA9A7}.Release|Any CPU.ActiveCfg = Release|Any CPU
		{0E378DB0-ECF0-4990-9613-DC89862BA9A7}.Release|Any CPU.Build.0 = Release|Any CPU
		{8FCCCAFA-FA74-404A-A112-B416CB10C13D}.Debug|Any CPU.ActiveCfg = Debug|Any CPU
		{8FCCCAFA-FA74-404A-A112-B416CB10C13D}.Debug|Any CPU.Build.0 = Debug|Any CPU
		{8FCCCAFA-FA74-404A-A112-B416CB10C13D}.Release|Any CPU.ActiveCfg = Release|Any CPU
		{8FCCCAFA-FA74-404A-A112-B416CB10C13D}.Release|Any CPU.Build.0 = Release|Any CPU
		{BD45A492-BBEB-4F19-834A-AB17ECCEEC47}.Debug|Any CPU.ActiveCfg = Debug|Any CPU
		{BD45A492-BBEB-4F19-834A-AB17ECCEEC47}.Debug|Any CPU.Build.0 = Debug|Any CPU
		{BD45A492-BBEB-4F19-834A-AB17ECCEEC47}.Release|Any CPU.ActiveCfg = Release|Any CPU
		{BD45A492-BBEB-4F19-834A-AB17ECCEEC47}.Release|Any CPU.Build.0 = Release|Any CPU
		{94453E92-E225-4651-A0AD-4EADFDD6BDA2}.Debug|Any CPU.ActiveCfg = Debug|Any CPU
		{94453E92-E225-4651-A0AD-4EADFDD6BDA2}.Debug|Any CPU.Build.0 = Debug|Any CPU
		{94453E92-E225-4651-A0AD-4EADFDD6BDA2}.Release|Any CPU.ActiveCfg = Release|Any CPU
		{94453E92-E225-4651-A0AD-4EADFDD6BDA2}.Release|Any CPU.Build.0 = Release|Any CPU
		{9EA6C5A0-D27F-43E7-89EE-B354935C8DAD}.Debug|Any CPU.ActiveCfg = Debug|Any CPU
		{9EA6C5A0-D27F-43E7-89EE-B354935C8DAD}.Debug|Any CPU.Build.0 = Debug|Any CPU
		{9EA6C5A0-D27F-43E7-89EE-B354935C8DAD}.Release|Any CPU.ActiveCfg = Release|Any CPU
		{9EA6C5A0-D27F-43E7-89EE-B354935C8DAD}.Release|Any CPU.Build.0 = Release|Any CPU
		{B3D77311-3DDD-42E6-A7E7-147D248BBD3A}.Debug|Any CPU.ActiveCfg = Debug|Any CPU
		{B3D77311-3DDD-42E6-A7E7-147D248BBD3A}.Debug|Any CPU.Build.0 = Debug|Any CPU
		{B3D77311-3DDD-42E6-A7E7-147D248BBD3A}.Release|Any CPU.ActiveCfg = Release|Any CPU
		{B3D77311-3DDD-42E6-A7E7-147D248BBD3A}.Release|Any CPU.Build.0 = Release|Any CPU
		{B1C1DE19-50EC-4742-BF50-6DE4E88213D9}.Debug|Any CPU.ActiveCfg = Debug|Any CPU
		{B1C1DE19-50EC-4742-BF50-6DE4E88213D9}.Debug|Any CPU.Build.0 = Debug|Any CPU
		{B1C1DE19-50EC-4742-BF50-6DE4E88213D9}.Release|Any CPU.ActiveCfg = Release|Any CPU
		{B1C1DE19-50EC-4742-BF50-6DE4E88213D9}.Release|Any CPU.Build.0 = Release|Any CPU
		{F4EAC4F3-7A5D-40D9-A612-7FB213ADDEFC}.Debug|Any CPU.ActiveCfg = Debug|Any CPU
		{F4EAC4F3-7A5D-40D9-A612-7FB213ADDEFC}.Debug|Any CPU.Build.0 = Debug|Any CPU
		{F4EAC4F3-7A5D-40D9-A612-7FB213ADDEFC}.Release|Any CPU.ActiveCfg = Release|Any CPU
		{F4EAC4F3-7A5D-40D9-A612-7FB213ADDEFC}.Release|Any CPU.Build.0 = Release|Any CPU
		{2AF01195-6BFF-49EC-B80B-1C74B97F065C}.Debug|Any CPU.ActiveCfg = Debug|Any CPU
		{2AF01195-6BFF-49EC-B80B-1C74B97F065C}.Debug|Any CPU.Build.0 = Debug|Any CPU
		{2AF01195-6BFF-49EC-B80B-1C74B97F065C}.Release|Any CPU.ActiveCfg = Release|Any CPU
		{2AF01195-6BFF-49EC-B80B-1C74B97F065C}.Release|Any CPU.Build.0 = Release|Any CPU
		{6F7A820D-6D05-4AE7-9A2B-90C4FB4E8C59}.Debug|Any CPU.ActiveCfg = Debug|Any CPU
		{6F7A820D-6D05-4AE7-9A2B-90C4FB4E8C59}.Debug|Any CPU.Build.0 = Debug|Any CPU
		{6F7A820D-6D05-4AE7-9A2B-90C4FB4E8C59}.Release|Any CPU.ActiveCfg = Release|Any CPU
		{6F7A820D-6D05-4AE7-9A2B-90C4FB4E8C59}.Release|Any CPU.Build.0 = Release|Any CPU
		{92D7B29A-15DD-4393-A9C5-AB188DF35970}.Debug|Any CPU.ActiveCfg = Debug|Any CPU
		{92D7B29A-15DD-4393-A9C5-AB188DF35970}.Debug|Any CPU.Build.0 = Debug|Any CPU
		{92D7B29A-15DD-4393-A9C5-AB188DF35970}.Release|Any CPU.ActiveCfg = Release|Any CPU
		{92D7B29A-15DD-4393-A9C5-AB188DF35970}.Release|Any CPU.Build.0 = Release|Any CPU
		{E703F738-9377-44DC-9CAE-D2B9B4499E9C}.Debug|Any CPU.ActiveCfg = Debug|Any CPU
		{E703F738-9377-44DC-9CAE-D2B9B4499E9C}.Debug|Any CPU.Build.0 = Debug|Any CPU
		{E703F738-9377-44DC-9CAE-D2B9B4499E9C}.Release|Any CPU.ActiveCfg = Release|Any CPU
		{E703F738-9377-44DC-9CAE-D2B9B4499E9C}.Release|Any CPU.Build.0 = Release|Any CPU
		{DF3AA82C-ED24-4681-B862-295B5A4BCB47}.Debug|Any CPU.ActiveCfg = Debug|Any CPU
		{DF3AA82C-ED24-4681-B862-295B5A4BCB47}.Debug|Any CPU.Build.0 = Debug|Any CPU
		{DF3AA82C-ED24-4681-B862-295B5A4BCB47}.Release|Any CPU.ActiveCfg = Release|Any CPU
		{DF3AA82C-ED24-4681-B862-295B5A4BCB47}.Release|Any CPU.Build.0 = Release|Any CPU
		{5573306B-AD67-41E3-9543-D296367307ED}.Debug|Any CPU.ActiveCfg = Debug|Any CPU
		{5573306B-AD67-41E3-9543-D296367307ED}.Debug|Any CPU.Build.0 = Debug|Any CPU
		{5573306B-AD67-41E3-9543-D296367307ED}.Release|Any CPU.ActiveCfg = Release|Any CPU
		{5573306B-AD67-41E3-9543-D296367307ED}.Release|Any CPU.Build.0 = Release|Any CPU
		{866D0BC9-22B3-4CE6-B111-09EB6BA8D2CC}.Debug|Any CPU.ActiveCfg = Debug|Any CPU
		{866D0BC9-22B3-4CE6-B111-09EB6BA8D2CC}.Debug|Any CPU.Build.0 = Debug|Any CPU
		{866D0BC9-22B3-4CE6-B111-09EB6BA8D2CC}.Release|Any CPU.ActiveCfg = Release|Any CPU
		{866D0BC9-22B3-4CE6-B111-09EB6BA8D2CC}.Release|Any CPU.Build.0 = Release|Any CPU
		{43DEC564-D532-4514-8215-13A5BBFFC0C9}.Debug|Any CPU.ActiveCfg = Debug|Any CPU
		{43DEC564-D532-4514-8215-13A5BBFFC0C9}.Debug|Any CPU.Build.0 = Debug|Any CPU
		{43DEC564-D532-4514-8215-13A5BBFFC0C9}.Release|Any CPU.ActiveCfg = Release|Any CPU
		{43DEC564-D532-4514-8215-13A5BBFFC0C9}.Release|Any CPU.Build.0 = Release|Any CPU
		{472FE885-C2C7-467D-8FE8-73FB78B624A9}.Debug|Any CPU.ActiveCfg = Debug|Any CPU
		{472FE885-C2C7-467D-8FE8-73FB78B624A9}.Debug|Any CPU.Build.0 = Debug|Any CPU
		{472FE885-C2C7-467D-8FE8-73FB78B624A9}.Release|Any CPU.ActiveCfg = Release|Any CPU
		{472FE885-C2C7-467D-8FE8-73FB78B624A9}.Release|Any CPU.Build.0 = Release|Any CPU
		{F19C5BFD-1AAC-48F7-BFD1-B09517003912}.Debug|Any CPU.ActiveCfg = Debug|Any CPU
		{F19C5BFD-1AAC-48F7-BFD1-B09517003912}.Debug|Any CPU.Build.0 = Debug|Any CPU
		{F19C5BFD-1AAC-48F7-BFD1-B09517003912}.Debug|Any CPU.Deploy.0 = Debug|Any CPU
		{F19C5BFD-1AAC-48F7-BFD1-B09517003912}.Release|Any CPU.ActiveCfg = Release|Any CPU
		{F19C5BFD-1AAC-48F7-BFD1-B09517003912}.Release|Any CPU.Build.0 = Release|Any CPU
		{F19C5BFD-1AAC-48F7-BFD1-B09517003912}.Release|Any CPU.Deploy.0 = Release|Any CPU
	EndGlobalSection
	GlobalSection(SolutionProperties) = preSolution
		HideSolutionNode = FALSE
	EndGlobalSection
	GlobalSection(NestedProjects) = preSolution
		{6AA95C44-9021-4A1E-8E2E-E5478DED0926} = {32E78AEA-11D4-4224-A439-499A82F843EA}
		{C721F4AB-EC17-4026-B3D6-7196C6B037B8} = {6AA95C44-9021-4A1E-8E2E-E5478DED0926}
		{AA431607-5FF6-4554-8169-53E15CDF4BF1} = {C721F4AB-EC17-4026-B3D6-7196C6B037B8}
		{CFC9F781-E87F-4688-A641-9B6E8D6B5C39} = {AA431607-5FF6-4554-8169-53E15CDF4BF1}
		{E3037C74-E181-4B59-B88C-F2E4FBECBBC6} = {AA431607-5FF6-4554-8169-53E15CDF4BF1}
		{9F425801-D739-45D8-AB0D-D3A181E4B6C0} = {C721F4AB-EC17-4026-B3D6-7196C6B037B8}
		{FF30A7F1-64E6-4A84-B7C9-81E99E078C70} = {9F425801-D739-45D8-AB0D-D3A181E4B6C0}
		{CCEDCF88-A746-425F-A12E-603AE6008B70} = {6AA95C44-9021-4A1E-8E2E-E5478DED0926}
		{B5C35E2E-3657-4ED3-BE4E-6D0C5242588F} = {CCEDCF88-A746-425F-A12E-603AE6008B70}
		{1AEECEE0-9CA8-4538-9109-261BE69B3FC0} = {B5C35E2E-3657-4ED3-BE4E-6D0C5242588F}
		{D4024C07-4E59-4047-8ADD-B3F5913CD4BA} = {CCEDCF88-A746-425F-A12E-603AE6008B70}
		{DB5C6946-19EB-4043-8DDD-E685195BD585} = {D4024C07-4E59-4047-8ADD-B3F5913CD4BA}
		{2793FB1D-770F-45F8-95B7-A0C1A3974EBB} = {D4024C07-4E59-4047-8ADD-B3F5913CD4BA}
		{FA3ABDDF-BD97-4380-9E01-851308AAA106} = {CCEDCF88-A746-425F-A12E-603AE6008B70}
		{E8D4B5F9-EAAB-4E76-998E-44A78327C381} = {FA3ABDDF-BD97-4380-9E01-851308AAA106}
		{30B77275-D2D1-4031-A3ED-62F5A755ECB2} = {CCEDCF88-A746-425F-A12E-603AE6008B70}
		{3D42ADFA-0BC1-45DA-B2D3-58D942B0950C} = {30B77275-D2D1-4031-A3ED-62F5A755ECB2}
		{60939910-2521-4137-91DD-16663F475CDD} = {32E78AEA-11D4-4224-A439-499A82F843EA}
		{FA5D7204-BE0B-4B35-B25A-EBE9D21981B5} = {60939910-2521-4137-91DD-16663F475CDD}
		{3F11B630-89B9-41BC-A384-878D76ECF7F4} = {FA5D7204-BE0B-4B35-B25A-EBE9D21981B5}
		{FBDAF38E-C1BD-4A41-A632-2878EC029111} = {3F11B630-89B9-41BC-A384-878D76ECF7F4}
		{434C98C7-4185-4AD0-9E37-AA8F96358AAD} = {FBDAF38E-C1BD-4A41-A632-2878EC029111}
		{86F2EAED-A2C2-433E-8B0D-B5CA43A3D219} = {FBDAF38E-C1BD-4A41-A632-2878EC029111}
		{E7C244B4-B489-4E26-B107-6E23E83F5CC6} = {3F11B630-89B9-41BC-A384-878D76ECF7F4}
		{7733EC52-95F9-4477-9AF6-218EBEF6F0B6} = {E7C244B4-B489-4E26-B107-6E23E83F5CC6}
		{B25DF46E-2FDC-4963-AB0C-169A11746036} = {E7C244B4-B489-4E26-B107-6E23E83F5CC6}
		{4AEE137F-F8D8-4C3E-AFA1-B5BD9492223F} = {FA5D7204-BE0B-4B35-B25A-EBE9D21981B5}
		{E956D64A-642B-4503-8EFA-E48D56F6E1C7} = {4AEE137F-F8D8-4C3E-AFA1-B5BD9492223F}
		{C01EAD0D-A499-49EE-8008-874C980C3DD0} = {60939910-2521-4137-91DD-16663F475CDD}
		{FA87C8B9-8B0F-4013-97FE-66D6308E67E5} = {C01EAD0D-A499-49EE-8008-874C980C3DD0}
		{83EFFFFF-F000-4C4E-A060-240446FE773C} = {FA87C8B9-8B0F-4013-97FE-66D6308E67E5}
		{3A6C2BEB-42CB-4C58-BC91-FC3DA2998B06} = {83EFFFFF-F000-4C4E-A060-240446FE773C}
		{87D1995E-43D9-4275-81AC-302C8713DAFC} = {FA87C8B9-8B0F-4013-97FE-66D6308E67E5}
		{BE47F9DC-FE96-4F2F-B3A6-6F6100CA54F9} = {87D1995E-43D9-4275-81AC-302C8713DAFC}
		{9CF98030-5F1D-407D-9A15-E668998531D7} = {C01EAD0D-A499-49EE-8008-874C980C3DD0}
		{4BBEB662-E5DD-49A8-BB2B-06540AC0A66D} = {9CF98030-5F1D-407D-9A15-E668998531D7}
		{9F6077A4-E251-4A37-935C-DCCE577CD1C1} = {4BBEB662-E5DD-49A8-BB2B-06540AC0A66D}
		{6D7D68CC-9772-4B5C-8C11-7D3810DDD725} = {4BBEB662-E5DD-49A8-BB2B-06540AC0A66D}
		{33AA1698-6309-4DF5-B4F7-BE7E0FE3812D} = {9CF98030-5F1D-407D-9A15-E668998531D7}
		{F40284D4-5D6E-4E30-911C-8047CD405F0D} = {33AA1698-6309-4DF5-B4F7-BE7E0FE3812D}
		{0D22A377-9074-4106-B612-AA2F3ECC9940} = {33AA1698-6309-4DF5-B4F7-BE7E0FE3812D}
		{1B279F9D-7407-4124-A900-F9AD859420F0} = {9CF98030-5F1D-407D-9A15-E668998531D7}
		{B9E61B20-88C9-4A2E-B07A-07FB40CD3A2C} = {C01EAD0D-A499-49EE-8008-874C980C3DD0}
		{D037C799-B9B9-4A30-B8BB-653677A21F52} = {B9E61B20-88C9-4A2E-B07A-07FB40CD3A2C}
		{230B97FA-575A-4B1C-AC42-A08710A1E823} = {C01EAD0D-A499-49EE-8008-874C980C3DD0}
		{EADAE241-58AD-49C3-9B72-82345BF057CA} = {230B97FA-575A-4B1C-AC42-A08710A1E823}
		{9F41296F-54B7-4564-82AC-4E0E0237235A} = {230B97FA-575A-4B1C-AC42-A08710A1E823}
		{45851C65-D717-4ED9-80A4-523D182095D6} = {32E78AEA-11D4-4224-A439-499A82F843EA}
		{12D1ADC0-E571-4ED7-B4DD-8760B2EF28F8} = {45851C65-D717-4ED9-80A4-523D182095D6}
		{E272D3A3-D1C7-4771-833D-D5841A39ADE3} = {12D1ADC0-E571-4ED7-B4DD-8760B2EF28F8}
		{C0CA0779-159A-40A7-A9BD-F63608553CFA} = {E272D3A3-D1C7-4771-833D-D5841A39ADE3}
		{262835C4-643A-4201-839C-0A5D6A7826BB} = {E272D3A3-D1C7-4771-833D-D5841A39ADE3}
		{F8A29C39-AC11-44DA-8AC8-26A07A98B681} = {12D1ADC0-E571-4ED7-B4DD-8760B2EF28F8}
		{0E378DB0-ECF0-4990-9613-DC89862BA9A7} = {F8A29C39-AC11-44DA-8AC8-26A07A98B681}
		{18F34221-74BF-4CB3-841B-9540F983DFC7} = {45851C65-D717-4ED9-80A4-523D182095D6}
		{FD3DF465-56A1-4F1B-939B-BD8F0C2AFF33} = {18F34221-74BF-4CB3-841B-9540F983DFC7}
		{8FCCCAFA-FA74-404A-A112-B416CB10C13D} = {FD3DF465-56A1-4F1B-939B-BD8F0C2AFF33}
		{BFDA2B6D-DB27-4BD7-B3DA-7CC747E08FCD} = {18F34221-74BF-4CB3-841B-9540F983DFC7}
		{BD45A492-BBEB-4F19-834A-AB17ECCEEC47} = {BFDA2B6D-DB27-4BD7-B3DA-7CC747E08FCD}
		{94453E92-E225-4651-A0AD-4EADFDD6BDA2} = {BFDA2B6D-DB27-4BD7-B3DA-7CC747E08FCD}
		{A41E1C1F-80A1-4C63-9E86-1554318449F2} = {18F34221-74BF-4CB3-841B-9540F983DFC7}
		{9EA6C5A0-D27F-43E7-89EE-B354935C8DAD} = {A41E1C1F-80A1-4C63-9E86-1554318449F2}
		{3B8B4D5D-675D-4BFB-B352-5E68C315419E} = {18F34221-74BF-4CB3-841B-9540F983DFC7}
		{B3D77311-3DDD-42E6-A7E7-147D248BBD3A} = {3B8B4D5D-675D-4BFB-B352-5E68C315419E}
		{682DDBD3-5BB7-406E-AD4C-FF1066A93B0C} = {32E78AEA-11D4-4224-A439-499A82F843EA}
		{546E19EA-215E-49CF-A651-32AFE6ACC325} = {682DDBD3-5BB7-406E-AD4C-FF1066A93B0C}
		{C055063D-80A5-4E22-9EE2-9EAED54FD242} = {546E19EA-215E-49CF-A651-32AFE6ACC325}
		{B1C1DE19-50EC-4742-BF50-6DE4E88213D9} = {C055063D-80A5-4E22-9EE2-9EAED54FD242}
		{F4EAC4F3-7A5D-40D9-A612-7FB213ADDEFC} = {C055063D-80A5-4E22-9EE2-9EAED54FD242}
		{79F3FC66-2A59-4DF9-B59F-888D933BF441} = {546E19EA-215E-49CF-A651-32AFE6ACC325}
		{2AF01195-6BFF-49EC-B80B-1C74B97F065C} = {79F3FC66-2A59-4DF9-B59F-888D933BF441}
		{0928D69A-7F66-4FFB-84D4-EE22A1CC0129} = {682DDBD3-5BB7-406E-AD4C-FF1066A93B0C}
		{128BEF1D-60FE-4609-99F3-FC65E2EAC5F5} = {0928D69A-7F66-4FFB-84D4-EE22A1CC0129}
		{6F7A820D-6D05-4AE7-9A2B-90C4FB4E8C59} = {128BEF1D-60FE-4609-99F3-FC65E2EAC5F5}
		{969C60E9-68F8-4D9D-AF60-C0F9E1DA5335} = {0928D69A-7F66-4FFB-84D4-EE22A1CC0129}
		{92D7B29A-15DD-4393-A9C5-AB188DF35970} = {969C60E9-68F8-4D9D-AF60-C0F9E1DA5335}
		{E703F738-9377-44DC-9CAE-D2B9B4499E9C} = {969C60E9-68F8-4D9D-AF60-C0F9E1DA5335}
		{57DFA1FF-D8CC-405F-BFF6-40B8EC230B32} = {0928D69A-7F66-4FFB-84D4-EE22A1CC0129}
		{DF3AA82C-ED24-4681-B862-295B5A4BCB47} = {57DFA1FF-D8CC-405F-BFF6-40B8EC230B32}
		{4CDD88E9-E78F-4A84-8913-959904121228} = {0928D69A-7F66-4FFB-84D4-EE22A1CC0129}
		{5573306B-AD67-41E3-9543-D296367307ED} = {4CDD88E9-E78F-4A84-8913-959904121228}
		{30BF1453-3D5B-4348-BDC1-4FBCCD5CB7A6} = {32E78AEA-11D4-4224-A439-499A82F843EA}
		{866D0BC9-22B3-4CE6-B111-09EB6BA8D2CC} = {30BF1453-3D5B-4348-BDC1-4FBCCD5CB7A6}
		{43DEC564-D532-4514-8215-13A5BBFFC0C9} = {30BF1453-3D5B-4348-BDC1-4FBCCD5CB7A6}
		{472FE885-C2C7-467D-8FE8-73FB78B624A9} = {30BF1453-3D5B-4348-BDC1-4FBCCD5CB7A6}
		{F19C5BFD-1AAC-48F7-BFD1-B09517003912} = {30BF1453-3D5B-4348-BDC1-4FBCCD5CB7A6}
	EndGlobalSection
	GlobalSection(ExtensibilityGlobals) = postSolution
		SolutionGuid = {A592B96F-BA26-478C-A5DB-DA54E9E1A49C}
	EndGlobalSection
EndGlobal
