
Microsoft Visual Studio Solution File, Format Version 12.00
# Visual Studio Version 17
VisualStudioVersion = 17.0.31808.319
MinimumVisualStudioVersion = 10.0.40219.1
Project("{9A19103F-16F7-4668-BE54-9A1E7A4F7556}") = "App1.WebApp", "src\UI\WebApp\App1.WebApp\App1.WebApp.csproj", "{D43A5AAA-B8FB-457D-AA2F-91FA574FF91A}"
EndProject
Project("{2150E333-8FDC-42A3-9474-1A3956D46DE8}") = "src", "src", "{8737E16E-E4BD-4BF0-9C89-9E206DDD46FD}"
EndProject
Project("{2150E333-8FDC-42A3-9474-1A3956D46DE8}") = "tests", "tests", "{71285E56-24EA-49B5-A45B-F6813C88AA8A}"
EndProject
Project("{2150E333-8FDC-42A3-9474-1A3956D46DE8}") = "WebApp", "WebApp", "{433B8CA6-C339-4F3C-B29A-47D903280924}"
EndProject
Project("{2150E333-8FDC-42A3-9474-1A3956D46DE8}") = "Domain", "Domain", "{A972EC01-DDB1-4817-A1F9-9AEDDF404913}"
EndProject
Project("{2150E333-8FDC-42A3-9474-1A3956D46DE8}") = "Services", "Services", "{519FA1E7-5640-4782-9F26-C2C5D6F72128}"
EndProject
Project("{2150E333-8FDC-42A3-9474-1A3956D46DE8}") = "Infrastructure", "Infrastructure", "{97E97B00-CCC6-474D-8C71-B7653EF446F7}"
EndProject
Project("{2150E333-8FDC-42A3-9474-1A3956D46DE8}") = "UI", "UI", "{AEFAFB5E-83E6-4591-8E02-CB85962DFF0B}"
EndProject
Project("{2150E333-8FDC-42A3-9474-1A3956D46DE8}") = "WebApp", "WebApp", "{52979624-CE2B-4077-A87F-A33E8D8C333A}"
EndProject
Project("{2150E333-8FDC-42A3-9474-1A3956D46DE8}") = "Mobile", "Mobile", "{04EECB06-BF81-4920-B425-4A729911A7E3}"
EndProject
Project("{9A19103F-16F7-4668-BE54-9A1E7A4F7556}") = "App1.Mobile", "src\UI\Mobile\App1.Mobile\App1.Mobile.csproj", "{B0B79B76-7225-4F57-A9F5-2757799EE58C}"
EndProject
Project("{9A19103F-16F7-4668-BE54-9A1E7A4F7556}") = "App1.Domain.Core", "src\Domain\App1.Domain.Core\App1.Domain.Core.csproj", "{E0CFAE7F-F7A5-4DD1-99D6-1A6239CB51AB}"
EndProject
Project("{9A19103F-16F7-4668-BE54-9A1E7A4F7556}") = "App1.Domain.Interfaces", "src\Domain\App1.Domain.Interfaces\App1.Domain.Interfaces.csproj", "{F4F00A81-2A79-463E-81B2-B3B1A6092C8C}"
EndProject
Project("{9A19103F-16F7-4668-BE54-9A1E7A4F7556}") = "App1.Services.Interfaces", "src\Services\App1.Services.Interfaces\App1.Services.Interfaces.csproj", "{512F3E65-BEF8-457C-94E5-99D6FBDA9D81}"
EndProject
Project("{9A19103F-16F7-4668-BE54-9A1E7A4F7556}") = "App1.Infrastructure.WebApp.Data", "src\Infrastructure\WebApp\App1.Infrastructure.WebApp.Data\App1.Infrastructure.WebApp.Data.csproj", "{8B73CFF9-3CD7-41AF-B1EC-3832DDE575B5}"
EndProject
Project("{9A19103F-16F7-4668-BE54-9A1E7A4F7556}") = "App1.Infrastructure.WebApp.Business", "src\Infrastructure\WebApp\App1.Infrastructure.WebApp.Business\App1.Infrastructure.WebApp.Business.csproj", "{FD48A0BE-F297-4EF8-B2DB-0E775F9CF8E4}"
EndProject
Project("{2150E333-8FDC-42A3-9474-1A3956D46DE8}") = "Mobile", "Mobile", "{AD1602E9-25CC-41CA-9789-0BA80AD2AE43}"
EndProject
Project("{9A19103F-16F7-4668-BE54-9A1E7A4F7556}") = "App1.Infrastructure.Mobile.Data", "src\Infrastructure\Mobile\App1.Infrastructure.Mobile.Data\App1.Infrastructure.Mobile.Data.csproj", "{AD9B0641-981D-4C3E-95AA-7BF4CE95D349}"
EndProject
Project("{9A19103F-16F7-4668-BE54-9A1E7A4F7556}") = "App1.Infrastructure.Mobile.Business", "src\Infrastructure\Mobile\App1.Infrastructure.Mobile.Business\App1.Infrastructure.Mobile.Business.csproj", "{1E477792-5062-4E73-B217-AF20652115B3}"
EndProject
Project("{2150E333-8FDC-42A3-9474-1A3956D46DE8}") = "Solution Items", "Solution Items", "{D4CEC1CF-0411-49C5-AB2C-40BAFB5BC459}"
	ProjectSection(SolutionItems) = preProject
		.editorconfig = .editorconfig
		.runsettings = .runsettings
		azure-pipelines.yml = azure-pipelines.yml
		NuGet.config = NuGet.config
		README.md = README.md
	EndProjectSection
EndProject
Project("{E53339B2-1760-4266-BCC7-CA923CBCF16C}") = "docker-compose", "docker-compose.dcproj", "{F263CEB1-76B9-4A59-9B33-7C37DCC02347}"
EndProject
Project("{2150E333-8FDC-42A3-9474-1A3956D46DE8}") = "Infrastructure", "Infrastructure", "{C047EBEB-2B76-4C46-9E55-B46A24CDCEBB}"
EndProject
Project("{2150E333-8FDC-42A3-9474-1A3956D46DE8}") = "Mobile", "Mobile", "{88D6B654-9234-4FE7-B80B-EAD9458A7AD9}"
EndProject
Project("{2150E333-8FDC-42A3-9474-1A3956D46DE8}") = "WebApp", "WebApp", "{90106D7D-24CC-4945-9E52-BFABE4302482}"
EndProject
Project("{FAE04EC0-301F-11D3-BF4B-00C04F79EFBC}") = "App1.Infrastructure.WebApp.Business.Tests", "tests\Infrastructure\WebApp\App1.Infrastructure.WebApp.Business.Tests\App1.Infrastructure.WebApp.Business.Tests.csproj", "{7BD5200F-E74B-4EF1-AEFE-A5FC1A7D02D4}"
EndProject
Project("{FAE04EC0-301F-11D3-BF4B-00C04F79EFBC}") = "App1.Infrastructure.WebApp.Data.Tests", "tests\Infrastructure\WebApp\App1.Infrastructure.WebApp.Data.Tests\App1.Infrastructure.WebApp.Data.Tests.csproj", "{F2CB2772-F378-4739-9837-9F9DF6C689D9}"
EndProject
Project("{FAE04EC0-301F-11D3-BF4B-00C04F79EFBC}") = "App1.Infrastructure.Mobile.Data.Tests", "tests\Infrastructure\Mobile\App1.Infrastructure.Mobile.Data.Tests\App1.Infrastructure.Mobile.Data.Tests.csproj", "{29705F4E-6161-46E9-8F62-C8701C8FCE34}"
EndProject
Project("{FAE04EC0-301F-11D3-BF4B-00C04F79EFBC}") = "App1.Infrastructure.Mobile.Business.Tests", "tests\Infrastructure\Mobile\App1.Infrastructure.Mobile.Business.Tests\App1.Infrastructure.Mobile.Business.Tests.csproj", "{B64AF9D3-1B7F-4B08-A88A-1DDCA271DD2B}"
EndProject
Global
	GlobalSection(SolutionConfigurationPlatforms) = preSolution
		Debug|Any CPU = Debug|Any CPU
		Release|Any CPU = Release|Any CPU
	EndGlobalSection
	GlobalSection(ProjectConfigurationPlatforms) = postSolution
		{D43A5AAA-B8FB-457D-AA2F-91FA574FF91A}.Debug|Any CPU.ActiveCfg = Debug|Any CPU
		{D43A5AAA-B8FB-457D-AA2F-91FA574FF91A}.Debug|Any CPU.Build.0 = Debug|Any CPU
		{D43A5AAA-B8FB-457D-AA2F-91FA574FF91A}.Release|Any CPU.ActiveCfg = Release|Any CPU
		{D43A5AAA-B8FB-457D-AA2F-91FA574FF91A}.Release|Any CPU.Build.0 = Release|Any CPU
		{B0B79B76-7225-4F57-A9F5-2757799EE58C}.Debug|Any CPU.ActiveCfg = Debug|Any CPU
		{B0B79B76-7225-4F57-A9F5-2757799EE58C}.Debug|Any CPU.Build.0 = Debug|Any CPU
		{B0B79B76-7225-4F57-A9F5-2757799EE58C}.Debug|Any CPU.Deploy.0 = Debug|Any CPU
		{B0B79B76-7225-4F57-A9F5-2757799EE58C}.Release|Any CPU.ActiveCfg = Release|Any CPU
		{B0B79B76-7225-4F57-A9F5-2757799EE58C}.Release|Any CPU.Build.0 = Release|Any CPU
		{E0CFAE7F-F7A5-4DD1-99D6-1A6239CB51AB}.Debug|Any CPU.ActiveCfg = Debug|Any CPU
		{E0CFAE7F-F7A5-4DD1-99D6-1A6239CB51AB}.Debug|Any CPU.Build.0 = Debug|Any CPU
		{E0CFAE7F-F7A5-4DD1-99D6-1A6239CB51AB}.Release|Any CPU.ActiveCfg = Release|Any CPU
		{E0CFAE7F-F7A5-4DD1-99D6-1A6239CB51AB}.Release|Any CPU.Build.0 = Release|Any CPU
		{F4F00A81-2A79-463E-81B2-B3B1A6092C8C}.Debug|Any CPU.ActiveCfg = Debug|Any CPU
		{F4F00A81-2A79-463E-81B2-B3B1A6092C8C}.Debug|Any CPU.Build.0 = Debug|Any CPU
		{F4F00A81-2A79-463E-81B2-B3B1A6092C8C}.Release|Any CPU.ActiveCfg = Release|Any CPU
		{F4F00A81-2A79-463E-81B2-B3B1A6092C8C}.Release|Any CPU.Build.0 = Release|Any CPU
		{512F3E65-BEF8-457C-94E5-99D6FBDA9D81}.Debug|Any CPU.ActiveCfg = Debug|Any CPU
		{512F3E65-BEF8-457C-94E5-99D6FBDA9D81}.Debug|Any CPU.Build.0 = Debug|Any CPU
		{512F3E65-BEF8-457C-94E5-99D6FBDA9D81}.Release|Any CPU.ActiveCfg = Release|Any CPU
		{512F3E65-BEF8-457C-94E5-99D6FBDA9D81}.Release|Any CPU.Build.0 = Release|Any CPU
		{8B73CFF9-3CD7-41AF-B1EC-3832DDE575B5}.Debug|Any CPU.ActiveCfg = Debug|Any CPU
		{8B73CFF9-3CD7-41AF-B1EC-3832DDE575B5}.Debug|Any CPU.Build.0 = Debug|Any CPU
		{8B73CFF9-3CD7-41AF-B1EC-3832DDE575B5}.Release|Any CPU.ActiveCfg = Release|Any CPU
		{8B73CFF9-3CD7-41AF-B1EC-3832DDE575B5}.Release|Any CPU.Build.0 = Release|Any CPU
		{FD48A0BE-F297-4EF8-B2DB-0E775F9CF8E4}.Debug|Any CPU.ActiveCfg = Debug|Any CPU
		{FD48A0BE-F297-4EF8-B2DB-0E775F9CF8E4}.Debug|Any CPU.Build.0 = Debug|Any CPU
		{FD48A0BE-F297-4EF8-B2DB-0E775F9CF8E4}.Release|Any CPU.ActiveCfg = Release|Any CPU
		{FD48A0BE-F297-4EF8-B2DB-0E775F9CF8E4}.Release|Any CPU.Build.0 = Release|Any CPU
		{AD9B0641-981D-4C3E-95AA-7BF4CE95D349}.Debug|Any CPU.ActiveCfg = Debug|Any CPU
		{AD9B0641-981D-4C3E-95AA-7BF4CE95D349}.Debug|Any CPU.Build.0 = Debug|Any CPU
		{AD9B0641-981D-4C3E-95AA-7BF4CE95D349}.Release|Any CPU.ActiveCfg = Release|Any CPU
		{AD9B0641-981D-4C3E-95AA-7BF4CE95D349}.Release|Any CPU.Build.0 = Release|Any CPU
		{1E477792-5062-4E73-B217-AF20652115B3}.Debug|Any CPU.ActiveCfg = Debug|Any CPU
		{1E477792-5062-4E73-B217-AF20652115B3}.Debug|Any CPU.Build.0 = Debug|Any CPU
		{1E477792-5062-4E73-B217-AF20652115B3}.Release|Any CPU.ActiveCfg = Release|Any CPU
		{1E477792-5062-4E73-B217-AF20652115B3}.Release|Any CPU.Build.0 = Release|Any CPU
		{F263CEB1-76B9-4A59-9B33-7C37DCC02347}.Debug|Any CPU.ActiveCfg = Debug|Any CPU
		{F263CEB1-76B9-4A59-9B33-7C37DCC02347}.Debug|Any CPU.Build.0 = Debug|Any CPU
		{F263CEB1-76B9-4A59-9B33-7C37DCC02347}.Release|Any CPU.ActiveCfg = Release|Any CPU
		{F263CEB1-76B9-4A59-9B33-7C37DCC02347}.Release|Any CPU.Build.0 = Release|Any CPU
		{7BD5200F-E74B-4EF1-AEFE-A5FC1A7D02D4}.Debug|Any CPU.ActiveCfg = Debug|Any CPU
		{7BD5200F-E74B-4EF1-AEFE-A5FC1A7D02D4}.Debug|Any CPU.Build.0 = Debug|Any CPU
		{7BD5200F-E74B-4EF1-AEFE-A5FC1A7D02D4}.Release|Any CPU.ActiveCfg = Release|Any CPU
		{7BD5200F-E74B-4EF1-AEFE-A5FC1A7D02D4}.Release|Any CPU.Build.0 = Release|Any CPU
		{F2CB2772-F378-4739-9837-9F9DF6C689D9}.Debug|Any CPU.ActiveCfg = Debug|Any CPU
		{F2CB2772-F378-4739-9837-9F9DF6C689D9}.Debug|Any CPU.Build.0 = Debug|Any CPU
		{F2CB2772-F378-4739-9837-9F9DF6C689D9}.Release|Any CPU.ActiveCfg = Release|Any CPU
		{F2CB2772-F378-4739-9837-9F9DF6C689D9}.Release|Any CPU.Build.0 = Release|Any CPU
		{29705F4E-6161-46E9-8F62-C8701C8FCE34}.Debug|Any CPU.ActiveCfg = Debug|Any CPU
		{29705F4E-6161-46E9-8F62-C8701C8FCE34}.Debug|Any CPU.Build.0 = Debug|Any CPU
		{29705F4E-6161-46E9-8F62-C8701C8FCE34}.Release|Any CPU.ActiveCfg = Release|Any CPU
		{29705F4E-6161-46E9-8F62-C8701C8FCE34}.Release|Any CPU.Build.0 = Release|Any CPU
		{B64AF9D3-1B7F-4B08-A88A-1DDCA271DD2B}.Debug|Any CPU.ActiveCfg = Debug|Any CPU
		{B64AF9D3-1B7F-4B08-A88A-1DDCA271DD2B}.Debug|Any CPU.Build.0 = Debug|Any CPU
		{B64AF9D3-1B7F-4B08-A88A-1DDCA271DD2B}.Release|Any CPU.ActiveCfg = Release|Any CPU
		{B64AF9D3-1B7F-4B08-A88A-1DDCA271DD2B}.Release|Any CPU.Build.0 = Release|Any CPU
	EndGlobalSection
	GlobalSection(SolutionProperties) = preSolution
		HideSolutionNode = FALSE
	EndGlobalSection
	GlobalSection(NestedProjects) = preSolution
		{D43A5AAA-B8FB-457D-AA2F-91FA574FF91A} = {433B8CA6-C339-4F3C-B29A-47D903280924}
		{433B8CA6-C339-4F3C-B29A-47D903280924} = {AEFAFB5E-83E6-4591-8E02-CB85962DFF0B}
		{A972EC01-DDB1-4817-A1F9-9AEDDF404913} = {8737E16E-E4BD-4BF0-9C89-9E206DDD46FD}
		{519FA1E7-5640-4782-9F26-C2C5D6F72128} = {8737E16E-E4BD-4BF0-9C89-9E206DDD46FD}
		{97E97B00-CCC6-474D-8C71-B7653EF446F7} = {8737E16E-E4BD-4BF0-9C89-9E206DDD46FD}
		{AEFAFB5E-83E6-4591-8E02-CB85962DFF0B} = {8737E16E-E4BD-4BF0-9C89-9E206DDD46FD}
		{52979624-CE2B-4077-A87F-A33E8D8C333A} = {97E97B00-CCC6-474D-8C71-B7653EF446F7}
		{04EECB06-BF81-4920-B425-4A729911A7E3} = {AEFAFB5E-83E6-4591-8E02-CB85962DFF0B}
		{B0B79B76-7225-4F57-A9F5-2757799EE58C} = {04EECB06-BF81-4920-B425-4A729911A7E3}
		{E0CFAE7F-F7A5-4DD1-99D6-1A6239CB51AB} = {A972EC01-DDB1-4817-A1F9-9AEDDF404913}
		{F4F00A81-2A79-463E-81B2-B3B1A6092C8C} = {A972EC01-DDB1-4817-A1F9-9AEDDF404913}
		{512F3E65-BEF8-457C-94E5-99D6FBDA9D81} = {519FA1E7-5640-4782-9F26-C2C5D6F72128}
		{8B73CFF9-3CD7-41AF-B1EC-3832DDE575B5} = {52979624-CE2B-4077-A87F-A33E8D8C333A}
		{FD48A0BE-F297-4EF8-B2DB-0E775F9CF8E4} = {52979624-CE2B-4077-A87F-A33E8D8C333A}
		{AD1602E9-25CC-41CA-9789-0BA80AD2AE43} = {97E97B00-CCC6-474D-8C71-B7653EF446F7}
		{AD9B0641-981D-4C3E-95AA-7BF4CE95D349} = {AD1602E9-25CC-41CA-9789-0BA80AD2AE43}
		{1E477792-5062-4E73-B217-AF20652115B3} = {AD1602E9-25CC-41CA-9789-0BA80AD2AE43}
		{C047EBEB-2B76-4C46-9E55-B46A24CDCEBB} = {71285E56-24EA-49B5-A45B-F6813C88AA8A}
		{88D6B654-9234-4FE7-B80B-EAD9458A7AD9} = {C047EBEB-2B76-4C46-9E55-B46A24CDCEBB}
		{90106D7D-24CC-4945-9E52-BFABE4302482} = {C047EBEB-2B76-4C46-9E55-B46A24CDCEBB}
		{7BD5200F-E74B-4EF1-AEFE-A5FC1A7D02D4} = {90106D7D-24CC-4945-9E52-BFABE4302482}
		{F2CB2772-F378-4739-9837-9F9DF6C689D9} = {90106D7D-24CC-4945-9E52-BFABE4302482}
		{29705F4E-6161-46E9-8F62-C8701C8FCE34} = {88D6B654-9234-4FE7-B80B-EAD9458A7AD9}
		{B64AF9D3-1B7F-4B08-A88A-1DDCA271DD2B} = {88D6B654-9234-4FE7-B80B-EAD9458A7AD9}
	EndGlobalSection
	GlobalSection(ExtensibilityGlobals) = postSolution
		SolutionGuid = {A2E58120-4D6C-49D8-B8BC-C0FBEA681CA8}
	EndGlobalSection
EndGlobal
