
Microsoft Visual Studio Solution File, Format Version 12.00
# Visual Studio Version 17
VisualStudioVersion = 17.8.34205.153
MinimumVisualStudioVersion = 10.0.40219.1
Project("{FAE04EC0-301F-11D3-BF4B-00C04F79EFBC}") = "WebApp1", "WebApp1\WebApp1.csproj", "{6F4C25E5-A54F-40EA-B72E-43720B72DB1D}"
EndProject
Global
	GlobalSection(SolutionConfigurationPlatforms) = preSolution
		Debug|Any CPU = Debug|Any CPU
		Release|Any CPU = Release|Any CPU
	EndGlobalSection
	GlobalSection(ProjectConfigurationPlatforms) = postSolution
		{6F4C25E5-A54F-40EA-B72E-43720B72DB1D}.Debug|Any CPU.ActiveCfg = Debug|Any CPU
		{6F4C25E5-A54F-40EA-B72E-43720B72DB1D}.Debug|Any CPU.Build.0 = Debug|Any CPU
		{6F4C25E5-A54F-40EA-B72E-43720B72DB1D}.Release|Any CPU.ActiveCfg = Release|Any CPU
		{6F4C25E5-A54F-40EA-B72E-43720B72DB1D}.Release|Any CPU.Build.0 = Release|Any CPU
	EndGlobalSection
	GlobalSection(SolutionProperties) = preSolution
		HideSolutionNode = FALSE
	EndGlobalSection
	GlobalSection(ExtensibilityGlobals) = postSolution
		SolutionGuid = {860FB8A2-1D45-420A-862F-8C13FA2051AC}
	EndGlobalSection
EndGlobal
